
Microsoft Visual Studio Solution File, Format Version 12.00
# Visual Studio Version 17
VisualStudioVersion = 17.0.31903.59
MinimumVisualStudioVersion = 10.0.40219.1
Project("{2150E333-8FDC-42A3-9474-1A3956D46DE8}") = "src", "src", "{827E0CD3-B72D-47B6-A68D-7590B98EB39B}"
EndProject
Project("{FAE04EC0-301F-11D3-BF4B-00C04F79EFBC}") = "EmailBroker.Core", "src\EmailBroker.Core\EmailBroker.Core.csproj", "{84CA6190-67B7-4C40-A51C-EF22D848C204}"
EndProject
Project("{FAE04EC0-301F-11D3-BF4B-00C04F79EFBC}") = "EmailBroker.Providers", "src\EmailBroker.Providers\EmailBroker.Providers.csproj", "{17F7F95A-410D-4E9B-BF66-5644E9871C2C}"
EndProject
Project("{FAE04EC0-301F-11D3-BF4B-00C04F79EFBC}") = "EmailBroker.Api", "src\EmailBroker.Api\EmailBroker.Api.csproj", "{1DA2E571-57BC-40F9-977A-07AE4416233F}"
EndProject
Project("{FAE04EC0-301F-11D3-BF4B-00C04F79EFBC}") = "EmailBroker.Core.Tests", "tests\EmailBroker.Core.Tests\EmailBroker.Core.Tests.csproj", "{F00A2CEA-A7B4-40F1-85A7-FBAB5B77D3FE}"
EndProject
Project("{FAE04EC0-301F-11D3-BF4B-00C04F79EFBC}") = "EmailBroker.Providers.Tests", "tests\EmailBroker.Providers.Tests\EmailBroker.Providers.Tests.csproj", "{4C4872FB-9A51-4A65-A785-8FC1820AB1FF}"
EndProject
Project("{FAE04EC0-301F-11D3-BF4B-00C04F79EFBC}") = "EmailBroker.Api.Tests", "tests\EmailBroker.Api.Tests\EmailBroker.Api.Tests.csproj", "{292DA540-21C5-4178-9001-51AB3F35C7B8}"
EndProject
Global
	GlobalSection(SolutionConfigurationPlatforms) = preSolution
		Debug|Any CPU = Debug|Any CPU
		Debug|x64 = Debug|x64
		Debug|x86 = Debug|x86
		Release|Any CPU = Release|Any CPU
		Release|x64 = Release|x64
		Release|x86 = Release|x86
	EndGlobalSection
	GlobalSection(ProjectConfigurationPlatforms) = postSolution
		{84CA6190-67B7-4C40-A51C-EF22D848C204}.Debug|Any CPU.ActiveCfg = Debug|Any CPU
		{84CA6190-67B7-4C40-A51C-EF22D848C204}.Debug|Any CPU.Build.0 = Debug|Any CPU
		{84CA6190-67B7-4C40-A51C-EF22D848C204}.Debug|x64.ActiveCfg = Debug|Any CPU
		{84CA6190-67B7-4C40-A51C-EF22D848C204}.Debug|x64.Build.0 = Debug|Any CPU
		{84CA6190-67B7-4C40-A51C-EF22D848C204}.Debug|x86.ActiveCfg = Debug|Any CPU
		{84CA6190-67B7-4C40-A51C-EF22D848C204}.Debug|x86.Build.0 = Debug|Any CPU
		{84CA6190-67B7-4C40-A51C-EF22D848C204}.Release|Any CPU.ActiveCfg = Release|Any CPU
		{84CA6190-67B7-4C40-A51C-EF22D848C204}.Release|Any CPU.Build.0 = Release|Any CPU
		{84CA6190-67B7-4C40-A51C-EF22D848C204}.Release|x64.ActiveCfg = Release|Any CPU
		{84CA6190-67B7-4C40-A51C-EF22D848C204}.Release|x64.Build.0 = Release|Any CPU
		{84CA6190-67B7-4C40-A51C-EF22D848C204}.Release|x86.ActiveCfg = Release|Any CPU
		{84CA6190-67B7-4C40-A51C-EF22D848C204}.Release|x86.Build.0 = Release|Any CPU
		{17F7F95A-410D-4E9B-BF66-5644E9871C2C}.Debug|Any CPU.ActiveCfg = Debug|Any CPU
		{17F7F95A-410D-4E9B-BF66-5644E9871C2C}.Debug|Any CPU.Build.0 = Debug|Any CPU
		{17F7F95A-410D-4E9B-BF66-5644E9871C2C}.Debug|x64.ActiveCfg = Debug|Any CPU
		{17F7F95A-410D-4E9B-BF66-5644E9871C2C}.Debug|x64.Build.0 = Debug|Any CPU
		{17F7F95A-410D-4E9B-BF66-5644E9871C2C}.Debug|x86.ActiveCfg = Debug|Any CPU
		{17F7F95A-410D-4E9B-BF66-5644E9871C2C}.Debug|x86.Build.0 = Debug|Any CPU
		{17F7F95A-410D-4E9B-BF66-5644E9871C2C}.Release|Any CPU.ActiveCfg = Release|Any CPU
		{17F7F95A-410D-4E9B-BF66-5644E9871C2C}.Release|Any CPU.Build.0 = Release|Any CPU
		{17F7F95A-410D-4E9B-BF66-5644E9871C2C}.Release|x64.ActiveCfg = Release|Any CPU
		{17F7F95A-410D-4E9B-BF66-5644E9871C2C}.Release|x64.Build.0 = Release|Any CPU
		{17F7F95A-410D-4E9B-BF66-5644E9871C2C}.Release|x86.ActiveCfg = Release|Any CPU
		{17F7F95A-410D-4E9B-BF66-5644E9871C2C}.Release|x86.Build.0 = Release|Any CPU
		{1DA2E571-57BC-40F9-977A-07AE4416233F}.Debug|Any CPU.ActiveCfg = Debug|Any CPU
		{1DA2E571-57BC-40F9-977A-07AE4416233F}.Debug|Any CPU.Build.0 = Debug|Any CPU
		{1DA2E571-57BC-40F9-977A-07AE4416233F}.Debug|x64.ActiveCfg = Debug|Any CPU
		{1DA2E571-57BC-40F9-977A-07AE4416233F}.Debug|x64.Build.0 = Debug|Any CPU
		{1DA2E571-57BC-40F9-977A-07AE4416233F}.Debug|x86.ActiveCfg = Debug|Any CPU
		{1DA2E571-57BC-40F9-977A-07AE4416233F}.Debug|x86.Build.0 = Debug|Any CPU
		{1DA2E571-57BC-40F9-977A-07AE4416233F}.Release|Any CPU.ActiveCfg = Release|Any CPU
		{1DA2E571-57BC-40F9-977A-07AE4416233F}.Release|Any CPU.Build.0 = Release|Any CPU
		{1DA2E571-57BC-40F9-977A-07AE4416233F}.Release|x64.ActiveCfg = Release|Any CPU
		{1DA2E571-57BC-40F9-977A-07AE4416233F}.Release|x64.Build.0 = Release|Any CPU
		{1DA2E571-57BC-40F9-977A-07AE4416233F}.Release|x86.ActiveCfg = Release|Any CPU
		{1DA2E571-57BC-40F9-977A-07AE4416233F}.Release|x86.Build.0 = Release|Any CPU
		{F00A2CEA-A7B4-40F1-85A7-FBAB5B77D3FE}.Debug|Any CPU.ActiveCfg = Debug|Any CPU
		{F00A2CEA-A7B4-40F1-85A7-FBAB5B77D3FE}.Debug|Any CPU.Build.0 = Debug|Any CPU
		{F00A2CEA-A7B4-40F1-85A7-FBAB5B77D3FE}.Debug|x64.ActiveCfg = Debug|Any CPU
		{F00A2CEA-A7B4-40F1-85A7-FBAB5B77D3FE}.Debug|x64.Build.0 = Debug|Any CPU
		{F00A2CEA-A7B4-40F1-85A7-FBAB5B77D3FE}.Debug|x86.ActiveCfg = Debug|Any CPU
		{F00A2CEA-A7B4-40F1-85A7-FBAB5B77D3FE}.Debug|x86.Build.0 = Debug|Any CPU
		{F00A2CEA-A7B4-40F1-85A7-FBAB5B77D3FE}.Release|Any CPU.ActiveCfg = Release|Any CPU
		{F00A2CEA-A7B4-40F1-85A7-FBAB5B77D3FE}.Release|Any CPU.Build.0 = Release|Any CPU
		{F00A2CEA-A7B4-40F1-85A7-FBAB5B77D3FE}.Release|x64.ActiveCfg = Release|Any CPU
		{F00A2CEA-A7B4-40F1-85A7-FBAB5B77D3FE}.Release|x64.Build.0 = Release|Any CPU
		{F00A2CEA-A7B4-40F1-85A7-FBAB5B77D3FE}.Release|x86.ActiveCfg = Release|Any CPU
		{F00A2CEA-A7B4-40F1-85A7-FBAB5B77D3FE}.Release|x86.Build.0 = Release|Any CPU
		{4C4872FB-9A51-4A65-A785-8FC1820AB1FF}.Debug|Any CPU.ActiveCfg = Debug|Any CPU
		{4C4872FB-9A51-4A65-A785-8FC1820AB1FF}.Debug|Any CPU.Build.0 = Debug|Any CPU
		{4C4872FB-9A51-4A65-A785-8FC1820AB1FF}.Debug|x64.ActiveCfg = Debug|Any CPU
		{4C4872FB-9A51-4A65-A785-8FC1820AB1FF}.Debug|x64.Build.0 = Debug|Any CPU
		{4C4872FB-9A51-4A65-A785-8FC1820AB1FF}.Debug|x86.ActiveCfg = Debug|Any CPU
		{4C4872FB-9A51-4A65-A785-8FC1820AB1FF}.Debug|x86.Build.0 = Debug|Any CPU
		{4C4872FB-9A51-4A65-A785-8FC1820AB1FF}.Release|Any CPU.ActiveCfg = Release|Any CPU
		{4C4872FB-9A51-4A65-A785-8FC1820AB1FF}.Release|Any CPU.Build.0 = Release|Any CPU
		{4C4872FB-9A51-4A65-A785-8FC1820AB1FF}.Release|x64.ActiveCfg = Release|Any CPU
		{4C4872FB-9A51-4A65-A785-8FC1820AB1FF}.Release|x64.Build.0 = Release|Any CPU
		{4C4872FB-9A51-4A65-A785-8FC1820AB1FF}.Release|x86.ActiveCfg = Release|Any CPU
		{4C4872FB-9A51-4A65-A785-8FC1820AB1FF}.Release|x86.Build.0 = Release|Any CPU
		{292DA540-21C5-4178-9001-51AB3F35C7B8}.Debug|Any CPU.ActiveCfg = Debug|Any CPU
		{292DA540-21C5-4178-9001-51AB3F35C7B8}.Debug|Any CPU.Build.0 = Debug|Any CPU
		{292DA540-21C5-4178-9001-51AB3F35C7B8}.Debug|x64.ActiveCfg = Debug|Any CPU
		{292DA540-21C5-4178-9001-51AB3F35C7B8}.Debug|x64.Build.0 = Debug|Any CPU
		{292DA540-21C5-4178-9001-51AB3F35C7B8}.Debug|x86.ActiveCfg = Debug|Any CPU
		{292DA540-21C5-4178-9001-51AB3F35C7B8}.Debug|x86.Build.0 = Debug|Any CPU
		{292DA540-21C5-4178-9001-51AB3F35C7B8}.Release|Any CPU.ActiveCfg = Release|Any CPU
		{292DA540-21C5-4178-9001-51AB3F35C7B8}.Release|Any CPU.Build.0 = Release|Any CPU
		{292DA540-21C5-4178-9001-51AB3F35C7B8}.Release|x64.ActiveCfg = Release|Any CPU
		{292DA540-21C5-4178-9001-51AB3F35C7B8}.Release|x64.Build.0 = Release|Any CPU
		{292DA540-21C5-4178-9001-51AB3F35C7B8}.Release|x86.ActiveCfg = Release|Any CPU
		{292DA540-21C5-4178-9001-51AB3F35C7B8}.Release|x86.Build.0 = Release|Any CPU
	EndGlobalSection
	GlobalSection(SolutionProperties) = preSolution
		HideSolutionNode = FALSE
	EndGlobalSection
	GlobalSection(NestedProjects) = preSolution
		{84CA6190-67B7-4C40-A51C-EF22D848C204} = {827E0CD3-B72D-47B6-A68D-7590B98EB39B}
		{17F7F95A-410D-4E9B-BF66-5644E9871C2C} = {827E0CD3-B72D-47B6-A68D-7590B98EB39B}
		{1DA2E571-57BC-40F9-977A-07AE4416233F} = {827E0CD3-B72D-47B6-A68D-7590B98EB39B}
		{F00A2CEA-A7B4-40F1-85A7-FBAB5B77D3FE} = {827E0CD3-B72D-47B6-A68D-7590B98EB39B}
		{4C4872FB-9A51-4A65-A785-8FC1820AB1FF} = {827E0CD3-B72D-47B6-A68D-7590B98EB39B}
		{292DA540-21C5-4178-9001-51AB3F35C7B8} = {827E0CD3-B72D-47B6-A68D-7590B98EB39B}
	EndGlobalSection
EndGlobal
